{
  "name": "@dilmuhammad/sum-of-two-numbers",
  "version": "1.0.1",
  "lockfileVersion": 3,
  "requires": true,
  "packages": {
    "": {
      "name": "@dilmuhammad/sum-of-two-numbers",
      "version": "1.0.1",
      "license": "MIT",
      "dependencies": {
        "@dilmuhammad/sum-of-two-numbers": "^1.0.1"
      },
      "engines": {
        "node": ">=12.0.0"
      }
    },
    "node_modules/@dilmuhammad/sum-of-two-numbers": {
      "version": "1.0.1",
      "resolved": "https://registry.npmjs.org/@dilmuhammad/sum-of-two-numbers/-/sum-of-two-numbers-1.0.1.tgz",
      "integrity": "sha512-sJq6eBbJ9lwEUg8owTlxATpQqfjAwbk9uxSNCV3G8O4HH3T4rBt48dGoUP6kQhIhs5aovk1EjYG571FvKdX51w==",
      "license": "MIT",
      "engines": {
        "node": ">=12.0.0"
      }
    }
  }
}
